// !$*UTF8*$!
{
	archiveVersion = 1;
	classes = {
	};
	objectVersion = 50;
	objects = {

/* Begin PBXBuildFile section */
		6B45F4AD255C321E00039E99 /* Type1.swift in Sources */ = {isa = PBXBuildFile; fileRef = 6B45F4AC255C321E00039E99 /* Type1.swift */; };
		6B6759B1255AE4640079DBAE /* AppDelegate.swift in Sources */ = {isa = PBXBuildFile; fileRef = 6B6759B0255AE4640079DBAE /* AppDelegate.swift */; };
		6B6759B3255AE4640079DBAE /* SceneDelegate.swift in Sources */ = {isa = PBXBuildFile; fileRef = 6B6759B2255AE4640079DBAE /* SceneDelegate.swift */; };
		6B6759B5255AE4640079DBAE /* ViewController.swift in Sources */ = {isa = PBXBuildFile; fileRef = 6B6759B4255AE4640079DBAE /* ViewController.swift */; };
		6B6759B8255AE4640079DBAE /* Main.storyboard in Resources */ = {isa = PBXBuildFile; fileRef = 6B6759B6255AE4640079DBAE /* Main.storyboard */; };
		6B6759BA255AE4660079DBAE /* Assets.xcassets in Resources */ = {isa = PBXBuildFile; fileRef = 6B6759B9255AE4660079DBAE /* Assets.xcassets */; };
		6B6759BD255AE4660079DBAE /* LaunchScreen.storyboard in Resources */ = {isa = PBXBuildFile; fileRef = 6B6759BB255AE4660079DBAE /* LaunchScreen.storyboard */; };
/* End PBXBuildFile section */

/* Begin PBXFileReference section */
		6B45F4AC255C321E00039E99 /* Type1.swift */ = {isa = PBXFileReference; lastKnownFileType = sourcecode.swift; path = Type1.swift; sourceTree = "<group>"; };
		6B6759AD255AE4640079DBAE /* sangkiTable.app */ = {isa = PBXFileReference; explicitFileType = wrapper.application; includeInIndex = 0; path = sangkiTable.app; sourceTree = BUILT_PRODUCTS_DIR; };
		6B6759B0255AE4640079DBAE /* AppDelegate.swift */ = {isa = PBXFileReference; lastKnownFileType = sourcecode.swift; path = AppDelegate.swift; sourceTree = "<group>"; };
		6B6759B2255AE4640079DBAE /* SceneDelegate.swift */ = {isa = PBXFileReference; lastKnownFileType = sourcecode.swift; path = SceneDelegate.swift; sourceTree = "<group>"; };
		6B6759B4255AE4640079DBAE /* ViewController.swift */ = {isa = PBXFileReference; lastKnownFileType = sourcecode.swift; path = ViewController.swift; sourceTree = "<group>"; };
		6B6759B7255AE4640079DBAE /* Base */ = {isa = PBXFileReference; lastKnownFileType = file.storyboard; name = Base; path = Base.lproj/Main.storyboard; sourceTree = "<group>"; };
		6B6759B9255AE4660079DBAE /* Assets.xcassets */ = {isa = PBXFileReference; lastKnownFileType = folder.assetcatalog; path = Assets.xcassets; sourceTree = "<group>"; };
		6B6759BC255AE4660079DBAE /* Base */ = {isa = PBXFileReference; lastKnownFileType = file.storyboard; name = Base; path = Base.lproj/LaunchScreen.storyboard; sourceTree = "<group>"; };
		6B6759BE255AE4660079DBAE /* Info.plist */ = {isa = PBXFileReference; lastKnownFileType = text.plist.xml; path = Info.plist; sourceTree = "<group>"; };
/* End PBXFileReference section */

/* Begin PBXFrameworksBuildPhase section */
		6B6759AA255AE4640079DBAE /* Frameworks */ = {
			isa = PBXFrameworksBuildPhase;
			buildActionMask = 2147483647;
			files = (
			);
			runOnlyForDeploymentPostprocessing = 0;
		};
/* End PBXFrameworksBuildPhase section */

/* Begin PBXGroup section */
		6B6759A4255AE4640079DBAE = {
			isa = PBXGroup;
			children = (
				6B6759AF255AE4640079DBAE /* sangkiTable */,
				6B6759AE255AE4640079DBAE /* Products */,
			);
			sourceTree = "<group>";
		};
		6B6759AE255AE4640079DBAE /* Products */ = {
			isa = PBXGroup;
			children = (
				6B6759AD255AE4640079DBAE /* sangkiTable.app */,
			);
			name = Products;
			sourceTree = "<group>";
		};
		6B6759AF255AE4640079DBAE /* sangkiTable */ = {
			isa = PBXGroup;
			children = (
				6B6759B0255AE4640079DBAE /* AppDelegate.swift */,
				6B6759B2255AE4640079DBAE /* SceneDelegate.swift */,
				6B6759B4255AE4640079DBAE /* ViewController.swift */,
				6B6759B6255AE4640079DBAE /* Main.storyboard */,
				6B6759B9255AE4660079DBAE /* Assets.xcassets */,
				6B6759BB255AE4660079DBAE /* LaunchScreen.storyboard */,
				6B6759BE255AE4660079DBAE /* Info.plist */,
				6B45F4AC255C321E00039E99 /* Type1.swift */,
			);
			path = sangkiTable;
			sourceTree = "<group>";
		};
/* End PBXGroup section */

/* Begin PBXNativeTarget section */
		6B6759AC255AE4640079DBAE /* sangkiTable */ = {
			isa = PBXNativeTarget;
			buildConfigurationList = 6B6759C1255AE4660079DBAE /* Build configuration list for PBXNativeTarget "sangkiTable" */;
			buildPhases = (
				6B6759A9255AE4640079DBAE /* Sources */,
				6B6759AA255AE4640079DBAE /* Frameworks */,
				6B6759AB255AE4640079DBAE /* Resources */,
			);
			buildRules = (
			);
			dependencies = (
			);
			name = sangkiTable;
			productName = sangkiTable;
			productReference = 6B6759AD255AE4640079DBAE /* sangkiTable.app */;
			productType = "com.apple.product-type.application";
		};
/* End PBXNativeTarget section */

/* Begin PBXProject section */
		6B6759A5255AE4640079DBAE /* Project object */ = {
			isa = PBXProject;
			attributes = {
				LastSwiftUpdateCheck = 1210;
				LastUpgradeCheck = 1210;
				TargetAttributes = {
					6B6759AC255AE4640079DBAE = {
						CreatedOnToolsVersion = 12.1.1;
					};
				};
			};
			buildConfigurationList = 6B6759A8255AE4640079DBAE /* Build configuration list for PBXProject "sangkiTable" */;
			compatibilityVersion = "Xcode 9.3";
			developmentRegion = en;
			hasScannedForEncodings = 0;
			knownRegions = (
				en,
				Base,
			);
			mainGroup = 6B6759A4255AE4640079DBAE;
			productRefGroup = 6B6759AE255AE4640079DBAE /* Products */;
			projectDirPath = "";
			projectRoot = "";
			targets = (
				6B6759AC255AE4640079DBAE /* sangkiTable */,
			);
		};
/* End PBXProject section */

/* Begin PBXResourcesBuildPhase section */
		6B6759AB255AE4640079DBAE /* Resources */ = {
			isa = PBXResourcesBuildPhase;
			buildActionMask = 2147483647;
			files = (
				6B6759BD255AE4660079DBAE /* LaunchScreen.storyboard in Resources */,
				6B6759BA255AE4660079DBAE /* Assets.xcassets in Resources */,
				6B6759B8255AE4640079DBAE /* Main.storyboard in Resources */,
			);
			runOnlyForDeploymentPostprocessing = 0;
		};
/* End PBXResourcesBuildPhase section */

/* Begin PBXSourcesBuildPhase section */
		6B6759A9255AE4640079DBAE /* Sources */ = {
			isa = PBXSourcesBuildPhase;
			buildActionMask = 2147483647;
			files = (
				6B6759B5255AE4640079DBAE /* ViewController.swift in Sources */,
				6B45F4AD255C321E00039E99 /* Type1.swift in Sources */,
				6B6759B1255AE4640079DBAE /* AppDelegate.swift in Sources */,
				6B6759B3255AE4640079DBAE /* SceneDelegate.swift in Sources */,
			);
			runOnlyForDeploymentPostprocessing = 0;
		};
/* End PBXSourcesBuildPhase section */

/* Begin PBXVariantGroup section */
		6B6759B6255AE4640079DBAE /* Main.storyboard */ = {
			isa = PBXVariantGroup;
			children = (
				6B6759B7255AE4640079DBAE /* Base */,
			);
			name = Main.storyboard;
			sourceTree = "<group>";
		};
		6B6759BB255AE4660079DBAE /* LaunchScreen.storyboard */ = {
			isa = PBXVariantGroup;
			children = (
				6B6759BC255AE4660079DBAE /* Base */,
			);
			name = LaunchScreen.storyboard;
			sourceTree = "<group>";
		};
/* End PBXVariantGroup section */

/* Begin XCBuildConfiguration section */
		6B6759BF255AE4660079DBAE /* Debug */ = {
			isa = XCBuildConfiguration;
			buildSettings = {
				ALWAYS_SEARCH_USER_PATHS = NO;
				CLANG_ANALYZER_NONNULL = YES;
				CLANG_ANALYZER_NUMBER_OBJECT_CONVERSION = YES_AGGRESSIVE;
				CLANG_CXX_LANGUAGE_STANDARD = "gnu++14";
				CLANG_CXX_LIBRARY = "libc++";
				CLANG_ENABLE_MODULES = YES;
				CLANG_ENABLE_OBJC_ARC = YES;
				CLANG_ENABLE_OBJC_WEAK = YES;
				CLANG_WARN_BLOCK_CAPTURE_AUTORELEASING = YES;
				CLANG_WARN_BOOL_CONVERSION = YES;
				CLANG_WARN_COMMA = YES;
				CLANG_WARN_CONSTANT_CONVERSION = YES;
				CLANG_WARN_DEPRECATED_OBJC_IMPLEMENTATIONS = YES;
				CLANG_WARN_DIRECT_OBJC_ISA_USAGE = YES_ERROR;
				CLANG_WARN_DOCUMENTATION_COMMENTS = YES;
				CLANG_WARN_EMPTY_BODY = YES;
				CLANG_WARN_ENUM_CONVERSION = YES;
				CLANG_WARN_INFINITE_RECURSION = YES;
				CLANG_WARN_INT_CONVERSION = YES;
				CLANG_WARN_NON_LITERAL_NULL_CONVERSION = YES;
				CLANG_WARN_OBJC_IMPLICIT_RETAIN_SELF = YES;
				CLANG_WARN_OBJC_LITERAL_CONVERSION = YES;
				CLANG_WARN_OBJC_ROOT_CLASS = YES_ERROR;
				CLANG_WARN_QUOTED_INCLUDE_IN_FRAMEWORK_HEADER = YES;
				CLANG_WARN_RANGE_LOOP_ANALYSIS = YES;
				CLANG_WARN_STRICT_PROTOTYPES = YES;
				CLANG_WARN_SUSPICIOUS_MOVE = YES;
				CLANG_WARN_UNGUARDED_AVAILABILITY = YES_AGGRESSIVE;
				CLANG_WARN_UNREACHABLE_CODE = YES;
				CLANG_WARN__DUPLICATE_METHOD_MATCH = YES;
				COPY_PHASE_STRIP = NO;
				DEBUG_INFORMATION_FORMAT = dwarf;
				ENABLE_STRICT_OBJC_MSGSEND = YES;
				ENABLE_TESTABILITY = YES;
				GCC_C_LANGUAGE_STANDARD = gnu11;
				GCC_DYNAMIC_NO_PIC = NO;
				GCC_NO_COMMON_BLOCKS = YES;
				GCC_OPTIMIZATION_LEVEL = 0;
				GCC_PREPROCESSOR_DEFINITIONS = (
					"DEBUG=1",
					"$(inherited)",
				);
				GCC_WARN_64_TO_32_BIT_CONVERSION = YES;
				GCC_WARN_ABOUT_RETURN_TYPE = YES_ERROR;
				GCC_WARN_UNDECLARED_SELECTOR = YES;
				GCC_WARN_UNINITIALIZED_AUTOS = YES_AGGRESSIVE;
				GCC_WARN_UNUSED_FUNCTION = YES;
				GCC_WARN_UNUSED_VARIABLE = YES;
				IPHONEOS_DEPLOYMENT_TARGET = 14.2;
				MTL_ENABLE_DEBUG_INFO = INCLUDE_SOURCE;
				MTL_FAST_MATH = YES;
				ONLY_ACTIVE_ARCH = YES;
				SDKROOT = iphoneos;
				SWIFT_ACTIVE_COMPILATION_CONDITIONS = DEBUG;
				SWIFT_OPTIMIZATION_LEVEL = "-Onone";
			};
			name = Debug;
		};
		6B6759C0255AE4660079DBAE /* Release */ = {
			isa = XCBuildConfiguration;
			buildSettings = {
				ALWAYS_SEARCH_USER_PATHS = NO;
				CLANG_ANALYZER_NONNULL = YES;
				CLANG_ANALYZER_NUMBER_OBJECT_CONVERSION = YES_AGGRESSIVE;
				CLANG_CXX_LANGUAGE_STANDARD = "gnu++14";
				CLANG_CXX_LIBRARY = "libc++";
				CLANG_ENABLE_MODULES = YES;
				CLANG_ENABLE_OBJC_ARC = YES;
				CLANG_ENABLE_OBJC_WEAK = YES;
				CLANG_WARN_BLOCK_CAPTURE_AUTORELEASING = YES;
				CLANG_WARN_BOOL_CONVERSION = YES;
				CLANG_WARN_COMMA = YES;
				CLANG_WARN_CONSTANT_CONVERSION = YES;
				CLANG_WARN_DEPRECATED_OBJC_IMPLEMENTATIONS = YES;
				CLANG_WARN_DIRECT_OBJC_ISA_USAGE = YES_ERROR;
				CLANG_WARN_DOCUMENTATION_COMMENTS = YES;
				CLANG_WARN_EMPTY_BODY = YES;
				CLANG_WARN_ENUM_CONVERSION = YES;
				CLANG_WARN_INFINITE_RECURSION = YES;
				CLANG_WARN_INT_CONVERSION = YES;
				CLANG_WARN_NON_LITERAL_NULL_CONVERSION = YES;
				CLANG_WARN_OBJC_IMPLICIT_RETAIN_SELF = YES;
				CLANG_WARN_OBJC_LITERAL_CONVERSION = YES;
				CLANG_WARN_OBJC_ROOT_CLASS = YES_ERROR;
				CLANG_WARN_QUOTED_INCLUDE_IN_FRAMEWORK_HEADER = YES;
				CLANG_WARN_RANGE_LOOP_ANALYSIS = YES;
				CLANG_WARN_STRICT_PROTOTYPES = YES;
				CLANG_WARN_SUSPICIOUS_MOVE = YES;
				CLANG_WARN_UNGUARDED_AVAILABILITY = YES_AGGRESSIVE;
				CLANG_WARN_UNREACHABLE_CODE = YES;
				CLANG_WARN__DUPLICATE_METHOD_MATCH = YES;
				COPY_PHASE_STRIP = NO;
				DEBUG_INFORMATION_FORMAT = "dwarf-with-dsym";
				ENABLE_NS_ASSERTIONS = NO;
				ENABLE_STRICT_OBJC_MSGSEND = YES;
				GCC_C_LANGUAGE_STANDARD = gnu11;
				GCC_NO_COMMON_BLOCKS = YES;
				GCC_WARN_64_TO_32_BIT_CONVERSION = YES;
				GCC_WARN_ABOUT_RETURN_TYPE = YES_ERROR;
				GCC_WARN_UNDECLARED_SELECTOR = YES;
				GCC_WARN_UNINITIALIZED_AUTOS = YES_AGGRESSIVE;
				GCC_WARN_UNUSED_FUNCTION = YES;
				GCC_WARN_UNUSED_VARIABLE = YES;
				IPHONEOS_DEPLOYMENT_TARGET = 14.2;
				MTL_ENABLE_DEBUG_INFO = NO;
				MTL_FAST_MATH = YES;
				SDKROOT = iphoneos;
				SWIFT_COMPILATION_MODE = wholemodule;
				SWIFT_OPTIMIZATION_LEVEL = "-O";
				VALIDATE_PRODUCT = YES;
			};
			name = Release;
		};
		6B6759C2255AE4660079DBAE /* Debug */ = {
			isa = XCBuildConfiguration;
			buildSettings = {
				ASSETCATALOG_COMPILER_APPICON_NAME = AppIcon;
				ASSETCATALOG_COMPILER_GLOBAL_ACCENT_COLOR_NAME = AccentColor;
				CODE_SIGN_STYLE = Automatic;
				DEVELOPMENT_TEAM = 8GWX99AV5R;
				INFOPLIST_FILE = sangkiTable/Info.plist;
				LD_RUNPATH_SEARCH_PATHS = (
					"$(inherited)",
					"@executable_path/Frameworks",
				);
				PRODUCT_BUNDLE_IDENTIFIER = jp.learningSwiftToshima.sangkiTable;
				PRODUCT_NAME = "$(TARGET_NAME)";
				SWIFT_VERSION = 5.0;
				TARGETED_DEVICE_FAMILY = "1,2";
			};
			name = Debug;
		};
		6B6759C3255AE4660079DBAE /* Release */ = {
			isa = XCBuildConfiguration;
			buildSettings = {
				ASSETCATALOG_COMPILER_APPICON_NAME = AppIcon;
				ASSETCATALOG_COMPILER_GLOBAL_ACCENT_COLOR_NAME = AccentColor;
				CODE_SIGN_STYLE = Automatic;
				DEVELOPMENT_TEAM = 8GWX99AV5R;
				INFOPLIST_FILE = sangkiTable/Info.plist;
				LD_RUNPATH_SEARCH_PATHS = (
					"$(inherited)",
					"@executable_path/Frameworks",
				);
				PRODUCT_BUNDLE_IDENTIFIER = jp.learningSwiftToshima.sangkiTable;
				PRODUCT_NAME = "$(TARGET_NAME)";
				SWIFT_VERSION = 5.0;
				TARGETED_DEVICE_FAMILY = "1,2";
			};
			name = Release;
		};
/* End XCBuildConfiguration section */

/* Begin XCConfigurationList section */
		6B6759A8255AE4640079DBAE /* Build configuration list for PBXProject "sangkiTable" */ = {
			isa = XCConfigurationList;
			buildConfigurations = (
				6B6759BF255AE4660079DBAE /* Debug */,
				6B6759C0255AE4660079DBAE /* Release */,
			);
			defaultConfigurationIsVisible = 0;
			defaultConfigurationName = Release;
		};
		6B6759C1255AE4660079DBAE /* Build configuration list for PBXNativeTarget "sangkiTable" */ = {
			isa = XCConfigurationList;
			buildConfigurations = (
				6B6759C2255AE4660079DBAE /* Debug */,
				6B6759C3255AE4660079DBAE /* Release */,
			);
			defaultConfigurationIsVisible = 0;
			defaultConfigurationName = Release;
		};
/* End XCConfigurationList section */
	};
	rootObject = 6B6759A5255AE4640079DBAE /* Project object */;
}
